
Microsoft Visual Studio Solution File, Format Version 12.00
# Visual Studio Version 16
VisualStudioVersion = 16.0.29411.108
MinimumVisualStudioVersion = 10.0.40219.1
Project("{9A19103F-16F7-4668-BE54-9A1E7A4F7556}") = "Soccer.Web", "Soccer.Web\Soccer.Web.csproj", "{1F1703DC-ECA0-486C-A2DE-DC5A26B7B9A8}"
EndProject
Project("{9A19103F-16F7-4668-BE54-9A1E7A4F7556}") = "Soccer.Prism", "Soccer.Prism\Soccer.Prism\Soccer.Prism.csproj", "{6919FB20-AE17-4F8C-A26C-545CDB2CB054}"
EndProject
Project("{FAE04EC0-301F-11D3-BF4B-00C04F79EFBC}") = "Soccer.Prism.Android", "Soccer.Prism\Soccer.Prism.Android\Soccer.Prism.Android.csproj", "{D3546417-9C34-4CB0-BAE6-84474CCA90FC}"
EndProject
Project("{FAE04EC0-301F-11D3-BF4B-00C04F79EFBC}") = "Soccer.Prism.iOS", "Soccer.Prism\Soccer.Prism.iOS\Soccer.Prism.iOS.csproj", "{78AFFC15-E6EE-459F-8311-342E73522EBF}"
EndProject
Project("{FAE04EC0-301F-11D3-BF4B-00C04F79EFBC}") = "Soccer.Cross.IOS", "Soccer.Cross.IOS\Soccer.Cross.IOS.csproj", "{15FE51C4-A664-4706-9883-5D56BB21D16D}"
EndProject
Project("{9A19103F-16F7-4668-BE54-9A1E7A4F7556}") = "Soccer.Common", "Soccer.Common\Soccer.Common.csproj", "{A9621FC3-E5A6-491E-9C59-6D4415731EAE}"
EndProject
Project("{FAE04EC0-301F-11D3-BF4B-00C04F79EFBC}") = "Soccer.Cross.Android", "Soccer.Cross.Android\Soccer.Cross.Android.csproj", "{4BEEB7E5-4174-48E3-A693-8021B64AF8DA}"
EndProject
Global
	GlobalSection(SolutionConfigurationPlatforms) = preSolution
		Ad-Hoc|Any CPU = Ad-Hoc|Any CPU
		Ad-Hoc|iPhone = Ad-Hoc|iPhone
		Ad-Hoc|iPhoneSimulator = Ad-Hoc|iPhoneSimulator
		AppStore|Any CPU = AppStore|Any CPU
		AppStore|iPhone = AppStore|iPhone
		AppStore|iPhoneSimulator = AppStore|iPhoneSimulator
		Debug|Any CPU = Debug|Any CPU
		Debug|iPhone = Debug|iPhone
		Debug|iPhoneSimulator = Debug|iPhoneSimulator
		Release|Any CPU = Release|Any CPU
		Release|iPhone = Release|iPhone
		Release|iPhoneSimulator = Release|iPhoneSimulator
	EndGlobalSection
	GlobalSection(ProjectConfigurationPlatforms) = postSolution
		{1F1703DC-ECA0-486C-A2DE-DC5A26B7B9A8}.Ad-Hoc|Any CPU.ActiveCfg = Debug|Any CPU
		{1F1703DC-ECA0-486C-A2DE-DC5A26B7B9A8}.Ad-Hoc|Any CPU.Build.0 = Debug|Any CPU
		{1F1703DC-ECA0-486C-A2DE-DC5A26B7B9A8}.Ad-Hoc|iPhone.ActiveCfg = Debug|Any CPU
		{1F1703DC-ECA0-486C-A2DE-DC5A26B7B9A8}.Ad-Hoc|iPhone.Build.0 = Debug|Any CPU
		{1F1703DC-ECA0-486C-A2DE-DC5A26B7B9A8}.Ad-Hoc|iPhoneSimulator.ActiveCfg = Debug|Any CPU
		{1F1703DC-ECA0-486C-A2DE-DC5A26B7B9A8}.Ad-Hoc|iPhoneSimulator.Build.0 = Debug|Any CPU
		{1F1703DC-ECA0-486C-A2DE-DC5A26B7B9A8}.AppStore|Any CPU.ActiveCfg = Debug|Any CPU
		{1F1703DC-ECA0-486C-A2DE-DC5A26B7B9A8}.AppStore|Any CPU.Build.0 = Debug|Any CPU
		{1F1703DC-ECA0-486C-A2DE-DC5A26B7B9A8}.AppStore|iPhone.ActiveCfg = Debug|Any CPU
		{1F1703DC-ECA0-486C-A2DE-DC5A26B7B9A8}.AppStore|iPhone.Build.0 = Debug|Any CPU
		{1F1703DC-ECA0-486C-A2DE-DC5A26B7B9A8}.AppStore|iPhoneSimulator.ActiveCfg = Debug|Any CPU
		{1F1703DC-ECA0-486C-A2DE-DC5A26B7B9A8}.AppStore|iPhoneSimulator.Build.0 = Debug|Any CPU
		{1F1703DC-ECA0-486C-A2DE-DC5A26B7B9A8}.Debug|Any CPU.ActiveCfg = Debug|Any CPU
		{1F1703DC-ECA0-486C-A2DE-DC5A26B7B9A8}.Debug|Any CPU.Build.0 = Debug|Any CPU
		{1F1703DC-ECA0-486C-A2DE-DC5A26B7B9A8}.Debug|iPhone.ActiveCfg = Debug|Any CPU
		{1F1703DC-ECA0-486C-A2DE-DC5A26B7B9A8}.Debug|iPhone.Build.0 = Debug|Any CPU
		{1F1703DC-ECA0-486C-A2DE-DC5A26B7B9A8}.Debug|iPhoneSimulator.ActiveCfg = Debug|Any CPU
		{1F1703DC-ECA0-486C-A2DE-DC5A26B7B9A8}.Debug|iPhoneSimulator.Build.0 = Debug|Any CPU
		{1F1703DC-ECA0-486C-A2DE-DC5A26B7B9A8}.Release|Any CPU.ActiveCfg = Release|Any CPU
		{1F1703DC-ECA0-486C-A2DE-DC5A26B7B9A8}.Release|Any CPU.Build.0 = Release|Any CPU
		{1F1703DC-ECA0-486C-A2DE-DC5A26B7B9A8}.Release|iPhone.ActiveCfg = Release|Any CPU
		{1F1703DC-ECA0-486C-A2DE-DC5A26B7B9A8}.Release|iPhone.Build.0 = Release|Any CPU
		{1F1703DC-ECA0-486C-A2DE-DC5A26B7B9A8}.Release|iPhoneSimulator.ActiveCfg = Release|Any CPU
		{1F1703DC-ECA0-486C-A2DE-DC5A26B7B9A8}.Release|iPhoneSimulator.Build.0 = Release|Any CPU
		{6919FB20-AE17-4F8C-A26C-545CDB2CB054}.Ad-Hoc|Any CPU.ActiveCfg = Debug|Any CPU
		{6919FB20-AE17-4F8C-A26C-545CDB2CB054}.Ad-Hoc|Any CPU.Build.0 = Debug|Any CPU
		{6919FB20-AE17-4F8C-A26C-545CDB2CB054}.Ad-Hoc|iPhone.ActiveCfg = Debug|Any CPU
		{6919FB20-AE17-4F8C-A26C-545CDB2CB054}.Ad-Hoc|iPhone.Build.0 = Debug|Any CPU
		{6919FB20-AE17-4F8C-A26C-545CDB2CB054}.Ad-Hoc|iPhoneSimulator.ActiveCfg = Debug|Any CPU
		{6919FB20-AE17-4F8C-A26C-545CDB2CB054}.Ad-Hoc|iPhoneSimulator.Build.0 = Debug|Any CPU
		{6919FB20-AE17-4F8C-A26C-545CDB2CB054}.AppStore|Any CPU.ActiveCfg = Debug|Any CPU
		{6919FB20-AE17-4F8C-A26C-545CDB2CB054}.AppStore|Any CPU.Build.0 = Debug|Any CPU
		{6919FB20-AE17-4F8C-A26C-545CDB2CB054}.AppStore|iPhone.ActiveCfg = Debug|Any CPU
		{6919FB20-AE17-4F8C-A26C-545CDB2CB054}.AppStore|iPhone.Build.0 = Debug|Any CPU
		{6919FB20-AE17-4F8C-A26C-545CDB2CB054}.AppStore|iPhoneSimulator.ActiveCfg = Debug|Any CPU
		{6919FB20-AE17-4F8C-A26C-545CDB2CB054}.AppStore|iPhoneSimulator.Build.0 = Debug|Any CPU
		{6919FB20-AE17-4F8C-A26C-545CDB2CB054}.Debug|Any CPU.ActiveCfg = Debug|Any CPU
		{6919FB20-AE17-4F8C-A26C-545CDB2CB054}.Debug|Any CPU.Build.0 = Debug|Any CPU
		{6919FB20-AE17-4F8C-A26C-545CDB2CB054}.Debug|iPhone.ActiveCfg = Debug|Any CPU
		{6919FB20-AE17-4F8C-A26C-545CDB2CB054}.Debug|iPhone.Build.0 = Debug|Any CPU
		{6919FB20-AE17-4F8C-A26C-545CDB2CB054}.Debug|iPhoneSimulator.ActiveCfg = Debug|Any CPU
		{6919FB20-AE17-4F8C-A26C-545CDB2CB054}.Debug|iPhoneSimulator.Build.0 = Debug|Any CPU
		{6919FB20-AE17-4F8C-A26C-545CDB2CB054}.Release|Any CPU.ActiveCfg = Release|Any CPU
		{6919FB20-AE17-4F8C-A26C-545CDB2CB054}.Release|Any CPU.Build.0 = Release|Any CPU
		{6919FB20-AE17-4F8C-A26C-545CDB2CB054}.Release|iPhone.ActiveCfg = Release|Any CPU
		{6919FB20-AE17-4F8C-A26C-545CDB2CB054}.Release|iPhone.Build.0 = Release|Any CPU
		{6919FB20-AE17-4F8C-A26C-545CDB2CB054}.Release|iPhoneSimulator.ActiveCfg = Release|Any CPU
		{6919FB20-AE17-4F8C-A26C-545CDB2CB054}.Release|iPhoneSimulator.Build.0 = Release|Any CPU
		{D3546417-9C34-4CB0-BAE6-84474CCA90FC}.Ad-Hoc|Any CPU.ActiveCfg = Release|Any CPU
		{D3546417-9C34-4CB0-BAE6-84474CCA90FC}.Ad-Hoc|Any CPU.Build.0 = Release|Any CPU
		{D3546417-9C34-4CB0-BAE6-84474CCA90FC}.Ad-Hoc|Any CPU.Deploy.0 = Release|Any CPU
		{D3546417-9C34-4CB0-BAE6-84474CCA90FC}.Ad-Hoc|iPhone.ActiveCfg = Release|Any CPU
		{D3546417-9C34-4CB0-BAE6-84474CCA90FC}.Ad-Hoc|iPhone.Build.0 = Release|Any CPU
		{D3546417-9C34-4CB0-BAE6-84474CCA90FC}.Ad-Hoc|iPhone.Deploy.0 = Release|Any CPU
		{D3546417-9C34-4CB0-BAE6-84474CCA90FC}.Ad-Hoc|iPhoneSimulator.ActiveCfg = Release|Any CPU
		{D3546417-9C34-4CB0-BAE6-84474CCA90FC}.Ad-Hoc|iPhoneSimulator.Build.0 = Release|Any CPU
		{D3546417-9C34-4CB0-BAE6-84474CCA90FC}.Ad-Hoc|iPhoneSimulator.Deploy.0 = Release|Any CPU
		{D3546417-9C34-4CB0-BAE6-84474CCA90FC}.AppStore|Any CPU.ActiveCfg = Release|Any CPU
		{D3546417-9C34-4CB0-BAE6-84474CCA90FC}.AppStore|Any CPU.Build.0 = Release|Any CPU
		{D3546417-9C34-4CB0-BAE6-84474CCA90FC}.AppStore|Any CPU.Deploy.0 = Release|Any CPU
		{D3546417-9C34-4CB0-BAE6-84474CCA90FC}.AppStore|iPhone.ActiveCfg = Release|Any CPU
		{D3546417-9C34-4CB0-BAE6-84474CCA90FC}.AppStore|iPhone.Build.0 = Release|Any CPU
		{D3546417-9C34-4CB0-BAE6-84474CCA90FC}.AppStore|iPhone.Deploy.0 = Release|Any CPU
		{D3546417-9C34-4CB0-BAE6-84474CCA90FC}.AppStore|iPhoneSimulator.ActiveCfg = Release|Any CPU
		{D3546417-9C34-4CB0-BAE6-84474CCA90FC}.AppStore|iPhoneSimulator.Build.0 = Release|Any CPU
		{D3546417-9C34-4CB0-BAE6-84474CCA90FC}.AppStore|iPhoneSimulator.Deploy.0 = Release|Any CPU
		{D3546417-9C34-4CB0-BAE6-84474CCA90FC}.Debug|Any CPU.ActiveCfg = Debug|Any CPU
		{D3546417-9C34-4CB0-BAE6-84474CCA90FC}.Debug|Any CPU.Build.0 = Debug|Any CPU
		{D3546417-9C34-4CB0-BAE6-84474CCA90FC}.Debug|Any CPU.Deploy.0 = Debug|Any CPU
		{D3546417-9C34-4CB0-BAE6-84474CCA90FC}.Debug|iPhone.ActiveCfg = Debug|Any CPU
		{D3546417-9C34-4CB0-BAE6-84474CCA90FC}.Debug|iPhone.Build.0 = Debug|Any CPU
		{D3546417-9C34-4CB0-BAE6-84474CCA90FC}.Debug|iPhone.Deploy.0 = Debug|Any CPU
		{D3546417-9C34-4CB0-BAE6-84474CCA90FC}.Debug|iPhoneSimulator.ActiveCfg = Debug|Any CPU
		{D3546417-9C34-4CB0-BAE6-84474CCA90FC}.Debug|iPhoneSimulator.Build.0 = Debug|Any CPU
		{D3546417-9C34-4CB0-BAE6-84474CCA90FC}.Debug|iPhoneSimulator.Deploy.0 = Debug|Any CPU
		{D3546417-9C34-4CB0-BAE6-84474CCA90FC}.Release|Any CPU.ActiveCfg = Release|Any CPU
		{D3546417-9C34-4CB0-BAE6-84474CCA90FC}.Release|Any CPU.Build.0 = Release|Any CPU
		{D3546417-9C34-4CB0-BAE6-84474CCA90FC}.Release|Any CPU.Deploy.0 = Release|Any CPU
		{D3546417-9C34-4CB0-BAE6-84474CCA90FC}.Release|iPhone.ActiveCfg = Release|Any CPU
		{D3546417-9C34-4CB0-BAE6-84474CCA90FC}.Release|iPhone.Build.0 = Release|Any CPU
		{D3546417-9C34-4CB0-BAE6-84474CCA90FC}.Release|iPhone.Deploy.0 = Release|Any CPU
		{D3546417-9C34-4CB0-BAE6-84474CCA90FC}.Release|iPhoneSimulator.ActiveCfg = Release|Any CPU
		{D3546417-9C34-4CB0-BAE6-84474CCA90FC}.Release|iPhoneSimulator.Build.0 = Release|Any CPU
		{D3546417-9C34-4CB0-BAE6-84474CCA90FC}.Release|iPhoneSimulator.Deploy.0 = Release|Any CPU
		{78AFFC15-E6EE-459F-8311-342E73522EBF}.Ad-Hoc|Any CPU.ActiveCfg = Ad-Hoc|iPhone
		{78AFFC15-E6EE-459F-8311-342E73522EBF}.Ad-Hoc|iPhone.ActiveCfg = Ad-Hoc|iPhone
		{78AFFC15-E6EE-459F-8311-342E73522EBF}.Ad-Hoc|iPhone.Build.0 = Ad-Hoc|iPhone
		{78AFFC15-E6EE-459F-8311-342E73522EBF}.Ad-Hoc|iPhoneSimulator.ActiveCfg = Ad-Hoc|iPhoneSimulator
		{78AFFC15-E6EE-459F-8311-342E73522EBF}.Ad-Hoc|iPhoneSimulator.Build.0 = Ad-Hoc|iPhoneSimulator
		{78AFFC15-E6EE-459F-8311-342E73522EBF}.AppStore|Any CPU.ActiveCfg = AppStore|iPhone
		{78AFFC15-E6EE-459F-8311-342E73522EBF}.AppStore|iPhone.ActiveCfg = AppStore|iPhone
		{78AFFC15-E6EE-459F-8311-342E73522EBF}.AppStore|iPhone.Build.0 = AppStore|iPhone
		{78AFFC15-E6EE-459F-8311-342E73522EBF}.AppStore|iPhoneSimulator.ActiveCfg = AppStore|iPhoneSimulator
		{78AFFC15-E6EE-459F-8311-342E73522EBF}.AppStore|iPhoneSimulator.Build.0 = AppStore|iPhoneSimulator
		{78AFFC15-E6EE-459F-8311-342E73522EBF}.Debug|Any CPU.ActiveCfg = Debug|iPhone
		{78AFFC15-E6EE-459F-8311-342E73522EBF}.Debug|iPhone.ActiveCfg = Debug|iPhone
		{78AFFC15-E6EE-459F-8311-342E73522EBF}.Debug|iPhone.Build.0 = Debug|iPhone
		{78AFFC15-E6EE-459F-8311-342E73522EBF}.Debug|iPhoneSimulator.ActiveCfg = Debug|iPhoneSimulator
		{78AFFC15-E6EE-459F-8311-342E73522EBF}.Debug|iPhoneSimulator.Build.0 = Debug|iPhoneSimulator
		{78AFFC15-E6EE-459F-8311-342E73522EBF}.Release|Any CPU.ActiveCfg = Release|iPhone
		{78AFFC15-E6EE-459F-8311-342E73522EBF}.Release|iPhone.ActiveCfg = Release|iPhone
		{78AFFC15-E6EE-459F-8311-342E73522EBF}.Release|iPhone.Build.0 = Release|iPhone
		{78AFFC15-E6EE-459F-8311-342E73522EBF}.Release|iPhoneSimulator.ActiveCfg = Release|iPhoneSimulator
		{78AFFC15-E6EE-459F-8311-342E73522EBF}.Release|iPhoneSimulator.Build.0 = Release|iPhoneSimulator
		{15FE51C4-A664-4706-9883-5D56BB21D16D}.Ad-Hoc|Any CPU.ActiveCfg = Release|iPhone
		{15FE51C4-A664-4706-9883-5D56BB21D16D}.Ad-Hoc|Any CPU.Build.0 = Release|iPhone
		{15FE51C4-A664-4706-9883-5D56BB21D16D}.Ad-Hoc|iPhone.ActiveCfg = Release|iPhone
		{15FE51C4-A664-4706-9883-5D56BB21D16D}.Ad-Hoc|iPhone.Build.0 = Release|iPhone
		{15FE51C4-A664-4706-9883-5D56BB21D16D}.Ad-Hoc|iPhoneSimulator.ActiveCfg = Release|iPhoneSimulator
		{15FE51C4-A664-4706-9883-5D56BB21D16D}.Ad-Hoc|iPhoneSimulator.Build.0 = Release|iPhoneSimulator
		{15FE51C4-A664-4706-9883-5D56BB21D16D}.AppStore|Any CPU.ActiveCfg = Release|iPhone
		{15FE51C4-A664-4706-9883-5D56BB21D16D}.AppStore|Any CPU.Build.0 = Release|iPhone
		{15FE51C4-A664-4706-9883-5D56BB21D16D}.AppStore|iPhone.ActiveCfg = Release|iPhone
		{15FE51C4-A664-4706-9883-5D56BB21D16D}.AppStore|iPhone.Build.0 = Release|iPhone
		{15FE51C4-A664-4706-9883-5D56BB21D16D}.AppStore|iPhoneSimulator.ActiveCfg = Release|iPhoneSimulator
		{15FE51C4-A664-4706-9883-5D56BB21D16D}.AppStore|iPhoneSimulator.Build.0 = Release|iPhoneSimulator
		{15FE51C4-A664-4706-9883-5D56BB21D16D}.Debug|Any CPU.ActiveCfg = Debug|iPhone
		{15FE51C4-A664-4706-9883-5D56BB21D16D}.Debug|iPhone.ActiveCfg = Debug|iPhone
		{15FE51C4-A664-4706-9883-5D56BB21D16D}.Debug|iPhone.Build.0 = Debug|iPhone
		{15FE51C4-A664-4706-9883-5D56BB21D16D}.Debug|iPhoneSimulator.ActiveCfg = Debug|iPhoneSimulator
		{15FE51C4-A664-4706-9883-5D56BB21D16D}.Debug|iPhoneSimulator.Build.0 = Debug|iPhoneSimulator
		{15FE51C4-A664-4706-9883-5D56BB21D16D}.Release|Any CPU.ActiveCfg = Release|iPhone
		{15FE51C4-A664-4706-9883-5D56BB21D16D}.Release|iPhone.ActiveCfg = Release|iPhone
		{15FE51C4-A664-4706-9883-5D56BB21D16D}.Release|iPhone.Build.0 = Release|iPhone
		{15FE51C4-A664-4706-9883-5D56BB21D16D}.Release|iPhoneSimulator.ActiveCfg = Release|iPhoneSimulator
		{15FE51C4-A664-4706-9883-5D56BB21D16D}.Release|iPhoneSimulator.Build.0 = Release|iPhoneSimulator
		{A9621FC3-E5A6-491E-9C59-6D4415731EAE}.Ad-Hoc|Any CPU.ActiveCfg = Debug|Any CPU
		{A9621FC3-E5A6-491E-9C59-6D4415731EAE}.Ad-Hoc|Any CPU.Build.0 = Debug|Any CPU
		{A9621FC3-E5A6-491E-9C59-6D4415731EAE}.Ad-Hoc|iPhone.ActiveCfg = Debug|Any CPU
		{A9621FC3-E5A6-491E-9C59-6D4415731EAE}.Ad-Hoc|iPhone.Build.0 = Debug|Any CPU
		{A9621FC3-E5A6-491E-9C59-6D4415731EAE}.Ad-Hoc|iPhoneSimulator.ActiveCfg = Debug|Any CPU
		{A9621FC3-E5A6-491E-9C59-6D4415731EAE}.Ad-Hoc|iPhoneSimulator.Build.0 = Debug|Any CPU
		{A9621FC3-E5A6-491E-9C59-6D4415731EAE}.AppStore|Any CPU.ActiveCfg = Debug|Any CPU
		{A9621FC3-E5A6-491E-9C59-6D4415731EAE}.AppStore|Any CPU.Build.0 = Debug|Any CPU
		{A9621FC3-E5A6-491E-9C59-6D4415731EAE}.AppStore|iPhone.ActiveCfg = Debug|Any CPU
		{A9621FC3-E5A6-491E-9C59-6D4415731EAE}.AppStore|iPhone.Build.0 = Debug|Any CPU
		{A9621FC3-E5A6-491E-9C59-6D4415731EAE}.AppStore|iPhoneSimulator.ActiveCfg = Debug|Any CPU
		{A9621FC3-E5A6-491E-9C59-6D4415731EAE}.AppStore|iPhoneSimulator.Build.0 = Debug|Any CPU
		{A9621FC3-E5A6-491E-9C59-6D4415731EAE}.Debug|Any CPU.ActiveCfg = Debug|Any CPU
		{A9621FC3-E5A6-491E-9C59-6D4415731EAE}.Debug|Any CPU.Build.0 = Debug|Any CPU
		{A9621FC3-E5A6-491E-9C59-6D4415731EAE}.Debug|iPhone.ActiveCfg = Debug|Any CPU
		{A9621FC3-E5A6-491E-9C59-6D4415731EAE}.Debug|iPhone.Build.0 = Debug|Any CPU
		{A9621FC3-E5A6-491E-9C59-6D4415731EAE}.Debug|iPhoneSimulator.ActiveCfg = Debug|Any CPU
		{A9621FC3-E5A6-491E-9C59-6D4415731EAE}.Debug|iPhoneSimulator.Build.0 = Debug|Any CPU
		{A9621FC3-E5A6-491E-9C59-6D4415731EAE}.Release|Any CPU.ActiveCfg = Release|Any CPU
		{A9621FC3-E5A6-491E-9C59-6D4415731EAE}.Release|Any CPU.Build.0 = Release|Any CPU
		{A9621FC3-E5A6-491E-9C59-6D4415731EAE}.Release|iPhone.ActiveCfg = Release|Any CPU
		{A9621FC3-E5A6-491E-9C59-6D4415731EAE}.Release|iPhone.Build.0 = Release|Any CPU
		{A9621FC3-E5A6-491E-9C59-6D4415731EAE}.Release|iPhoneSimulator.ActiveCfg = Release|Any CPU
		{A9621FC3-E5A6-491E-9C59-6D4415731EAE}.Release|iPhoneSimulator.Build.0 = Release|Any CPU
		{4BEEB7E5-4174-48E3-A693-8021B64AF8DA}.Ad-Hoc|Any CPU.ActiveCfg = Release|Any CPU
		{4BEEB7E5-4174-48E3-A693-8021B64AF8DA}.Ad-Hoc|Any CPU.Build.0 = Release|Any CPU
		{4BEEB7E5-4174-48E3-A693-8021B64AF8DA}.Ad-Hoc|Any CPU.Deploy.0 = Release|Any CPU
		{4BEEB7E5-4174-48E3-A693-8021B64AF8DA}.Ad-Hoc|iPhone.ActiveCfg = Release|Any CPU
		{4BEEB7E5-4174-48E3-A693-8021B64AF8DA}.Ad-Hoc|iPhone.Build.0 = Release|Any CPU
		{4BEEB7E5-4174-48E3-A693-8021B64AF8DA}.Ad-Hoc|iPhone.Deploy.0 = Release|Any CPU
		{4BEEB7E5-4174-48E3-A693-8021B64AF8DA}.Ad-Hoc|iPhoneSimulator.ActiveCfg = Release|Any CPU
		{4BEEB7E5-4174-48E3-A693-8021B64AF8DA}.Ad-Hoc|iPhoneSimulator.Build.0 = Release|Any CPU
		{4BEEB7E5-4174-48E3-A693-8021B64AF8DA}.Ad-Hoc|iPhoneSimulator.Deploy.0 = Release|Any CPU
		{4BEEB7E5-4174-48E3-A693-8021B64AF8DA}.AppStore|Any CPU.ActiveCfg = Release|Any CPU
		{4BEEB7E5-4174-48E3-A693-8021B64AF8DA}.AppStore|Any CPU.Build.0 = Release|Any CPU
		{4BEEB7E5-4174-48E3-A693-8021B64AF8DA}.AppStore|Any CPU.Deploy.0 = Release|Any CPU
		{4BEEB7E5-4174-48E3-A693-8021B64AF8DA}.AppStore|iPhone.ActiveCfg = Release|Any CPU
		{4BEEB7E5-4174-48E3-A693-8021B64AF8DA}.AppStore|iPhone.Build.0 = Release|Any CPU
		{4BEEB7E5-4174-48E3-A693-8021B64AF8DA}.AppStore|iPhone.Deploy.0 = Release|Any CPU
		{4BEEB7E5-4174-48E3-A693-8021B64AF8DA}.AppStore|iPhoneSimulator.ActiveCfg = Release|Any CPU
		{4BEEB7E5-4174-48E3-A693-8021B64AF8DA}.AppStore|iPhoneSimulator.Build.0 = Release|Any CPU
		{4BEEB7E5-4174-48E3-A693-8021B64AF8DA}.AppStore|iPhoneSimulator.Deploy.0 = Release|Any CPU
		{4BEEB7E5-4174-48E3-A693-8021B64AF8DA}.Debug|Any CPU.ActiveCfg = Debug|Any CPU
		{4BEEB7E5-4174-48E3-A693-8021B64AF8DA}.Debug|Any CPU.Build.0 = Debug|Any CPU
		{4BEEB7E5-4174-48E3-A693-8021B64AF8DA}.Debug|Any CPU.Deploy.0 = Debug|Any CPU
		{4BEEB7E5-4174-48E3-A693-8021B64AF8DA}.Debug|iPhone.ActiveCfg = Debug|Any CPU
		{4BEEB7E5-4174-48E3-A693-8021B64AF8DA}.Debug|iPhone.Build.0 = Debug|Any CPU
		{4BEEB7E5-4174-48E3-A693-8021B64AF8DA}.Debug|iPhone.Deploy.0 = Debug|Any CPU
		{4BEEB7E5-4174-48E3-A693-8021B64AF8DA}.Debug|iPhoneSimulator.ActiveCfg = Debug|Any CPU
		{4BEEB7E5-4174-48E3-A693-8021B64AF8DA}.Debug|iPhoneSimulator.Build.0 = Debug|Any CPU
		{4BEEB7E5-4174-48E3-A693-8021B64AF8DA}.Debug|iPhoneSimulator.Deploy.0 = Debug|Any CPU
		{4BEEB7E5-4174-48E3-A693-8021B64AF8DA}.Release|Any CPU.ActiveCfg = Release|Any CPU
		{4BEEB7E5-4174-48E3-A693-8021B64AF8DA}.Release|Any CPU.Build.0 = Release|Any CPU
		{4BEEB7E5-4174-48E3-A693-8021B64AF8DA}.Release|Any CPU.Deploy.0 = Release|Any CPU
		{4BEEB7E5-4174-48E3-A693-8021B64AF8DA}.Release|iPhone.ActiveCfg = Release|Any CPU
		{4BEEB7E5-4174-48E3-A693-8021B64AF8DA}.Release|iPhone.Build.0 = Release|Any CPU
		{4BEEB7E5-4174-48E3-A693-8021B64AF8DA}.Release|iPhone.Deploy.0 = Release|Any CPU
		{4BEEB7E5-4174-48E3-A693-8021B64AF8DA}.Release|iPhoneSimulator.ActiveCfg = Release|Any CPU
		{4BEEB7E5-4174-48E3-A693-8021B64AF8DA}.Release|iPhoneSimulator.Build.0 = Release|Any CPU
		{4BEEB7E5-4174-48E3-A693-8021B64AF8DA}.Release|iPhoneSimulator.Deploy.0 = Release|Any CPU
	EndGlobalSection
	GlobalSection(SolutionProperties) = preSolution
		HideSolutionNode = FALSE
	EndGlobalSection
	GlobalSection(ExtensibilityGlobals) = postSolution
		SolutionGuid = {67834620-EEE8-41A1-83BD-638272C1E6C6}
	EndGlobalSection
EndGlobal
